
Microsoft Visual Studio Solution File, Format Version 11.00
# Visual Studio 2010
Project("{FAE04EC0-301F-11D3-BF4B-00C04F79EFBC}") = "Assembly-CSharp", "Assembly-CSharp.csproj", "{F225DE58-02C1-1745-CE93-869AC59CED8A}"
EndProject
Project("{FAE04EC0-301F-11D3-BF4B-00C04F79EFBC}") = "Assembly-CSharp-firstpass", "Assembly-CSharp-firstpass.csproj", "{D948CF85-3B64-A828-B716-D446A114740C}"
EndProject
Project("{FAE04EC0-301F-11D3-BF4B-00C04F79EFBC}") = "Assembly-CSharp-Editor", "Assembly-CSharp-Editor.csproj", "{66626609-F464-0DD3-C534-F3D5613786F5}"
EndProject
Global
	GlobalSection(SolutionConfigurationPlatforms) = preSolution
		Debug|Any CPU = Debug|Any CPU
		Release|Any CPU = Release|Any CPU
	EndGlobalSection
	GlobalSection(ProjectConfigurationPlatforms) = postSolution
		{F225DE58-02C1-1745-CE93-869AC59CED8A}.Debug|Any CPU.ActiveCfg = Debug|Any CPU
		{F225DE58-02C1-1745-CE93-869AC59CED8A}.Debug|Any CPU.Build.0 = Debug|Any CPU
		{F225DE58-02C1-1745-CE93-869AC59CED8A}.Release|Any CPU.ActiveCfg = Release|Any CPU
		{F225DE58-02C1-1745-CE93-869AC59CED8A}.Release|Any CPU.Build.0 = Release|Any CPU
		{D948CF85-3B64-A828-B716-D446A114740C}.Debug|Any CPU.ActiveCfg = Debug|Any CPU
		{D948CF85-3B64-A828-B716-D446A114740C}.Debug|Any CPU.Build.0 = Debug|Any CPU
		{D948CF85-3B64-A828-B716-D446A114740C}.Release|Any CPU.ActiveCfg = Release|Any CPU
		{D948CF85-3B64-A828-B716-D446A114740C}.Release|Any CPU.Build.0 = Release|Any CPU
		{66626609-F464-0DD3-C534-F3D5613786F5}.Debug|Any CPU.ActiveCfg = Debug|Any CPU
		{66626609-F464-0DD3-C534-F3D5613786F5}.Debug|Any CPU.Build.0 = Debug|Any CPU
		{66626609-F464-0DD3-C534-F3D5613786F5}.Release|Any CPU.ActiveCfg = Release|Any CPU
		{66626609-F464-0DD3-C534-F3D5613786F5}.Release|Any CPU.Build.0 = Release|Any CPU
	EndGlobalSection
	GlobalSection(SolutionProperties) = preSolution
		HideSolutionNode = FALSE
	EndGlobalSection
EndGlobal
